
Microsoft Visual Studio Solution File, Format Version 12.00
# Visual Studio 2012
Project("{FAE04EC0-301F-11D3-BF4B-00C04F79EFBC}") = "WeChat.iOS", "WeChat.iOS\WeChat.iOS.csproj", "{C7B500C0-28FC-432F-93E8-C391BC182BA5}"
EndProject
Project("{FAE04EC0-301F-11D3-BF4B-00C04F79EFBC}") = "WeChat.iOS.Samples", "WeChat.iOS.Samples\WeChat.iOS.Samples.csproj", "{B02E9FBB-C460-496E-96C3-EEE5D659ABE8}"
EndProject
Global
	GlobalSection(SolutionConfigurationPlatforms) = preSolution
		Debug|Any CPU = Debug|Any CPU
		Release|Any CPU = Release|Any CPU
		Debug|iPhoneSimulator = Debug|iPhoneSimulator
		Release|iPhone = Release|iPhone
		Release|iPhoneSimulator = Release|iPhoneSimulator
		Debug|iPhone = Debug|iPhone
	EndGlobalSection
	GlobalSection(ProjectConfigurationPlatforms) = postSolution
		{C7B500C0-28FC-432F-93E8-C391BC182BA5}.Debug|Any CPU.ActiveCfg = Debug|Any CPU
		{C7B500C0-28FC-432F-93E8-C391BC182BA5}.Debug|Any CPU.Build.0 = Debug|Any CPU
		{C7B500C0-28FC-432F-93E8-C391BC182BA5}.Release|Any CPU.ActiveCfg = Release|Any CPU
		{C7B500C0-28FC-432F-93E8-C391BC182BA5}.Release|Any CPU.Build.0 = Release|Any CPU
		{C7B500C0-28FC-432F-93E8-C391BC182BA5}.Debug|iPhoneSimulator.ActiveCfg = Debug|Any CPU
		{C7B500C0-28FC-432F-93E8-C391BC182BA5}.Debug|iPhoneSimulator.Build.0 = Debug|Any CPU
		{C7B500C0-28FC-432F-93E8-C391BC182BA5}.Release|iPhone.ActiveCfg = Release|Any CPU
		{C7B500C0-28FC-432F-93E8-C391BC182BA5}.Release|iPhone.Build.0 = Release|Any CPU
		{C7B500C0-28FC-432F-93E8-C391BC182BA5}.Release|iPhoneSimulator.ActiveCfg = Release|Any CPU
		{C7B500C0-28FC-432F-93E8-C391BC182BA5}.Release|iPhoneSimulator.Build.0 = Release|Any CPU
		{C7B500C0-28FC-432F-93E8-C391BC182BA5}.Debug|iPhone.ActiveCfg = Debug|Any CPU
		{C7B500C0-28FC-432F-93E8-C391BC182BA5}.Debug|iPhone.Build.0 = Debug|Any CPU
		{B02E9FBB-C460-496E-96C3-EEE5D659ABE8}.Debug|Any CPU.ActiveCfg = Debug|iPhoneSimulator
		{B02E9FBB-C460-496E-96C3-EEE5D659ABE8}.Debug|Any CPU.Build.0 = Debug|iPhoneSimulator
		{B02E9FBB-C460-496E-96C3-EEE5D659ABE8}.Release|Any CPU.ActiveCfg = Release|iPhone
		{B02E9FBB-C460-496E-96C3-EEE5D659ABE8}.Release|Any CPU.Build.0 = Release|iPhone
		{B02E9FBB-C460-496E-96C3-EEE5D659ABE8}.Debug|iPhoneSimulator.ActiveCfg = Debug|iPhoneSimulator
		{B02E9FBB-C460-496E-96C3-EEE5D659ABE8}.Debug|iPhoneSimulator.Build.0 = Debug|iPhoneSimulator
		{B02E9FBB-C460-496E-96C3-EEE5D659ABE8}.Release|iPhone.ActiveCfg = Release|iPhone
		{B02E9FBB-C460-496E-96C3-EEE5D659ABE8}.Release|iPhone.Build.0 = Release|iPhone
		{B02E9FBB-C460-496E-96C3-EEE5D659ABE8}.Release|iPhoneSimulator.ActiveCfg = Release|iPhoneSimulator
		{B02E9FBB-C460-496E-96C3-EEE5D659ABE8}.Release|iPhoneSimulator.Build.0 = Release|iPhoneSimulator
		{B02E9FBB-C460-496E-96C3-EEE5D659ABE8}.Debug|iPhone.ActiveCfg = Debug|iPhone
		{B02E9FBB-C460-496E-96C3-EEE5D659ABE8}.Debug|iPhone.Build.0 = Debug|iPhone
	EndGlobalSection
EndGlobal
